// !$*UTF8*$!
{
	archiveVersion = 1;
	classes = {
	};
	objectVersion = 46;
	objects = {

/* Begin PBXBuildFile section */
		0AAE23BB1C89740600DD8220 /* AppDelegate.swift in Sources */ = {isa = PBXBuildFile; fileRef = 0AAE23BA1C89740600DD8220 /* AppDelegate.swift */; };
		0AAE23BD1C89740600DD8220 /* ViewController.swift in Sources */ = {isa = PBXBuildFile; fileRef = 0AAE23BC1C89740600DD8220 /* ViewController.swift */; };
		0AAE23C01C89740600DD8220 /* Main.storyboard in Resources */ = {isa = PBXBuildFile; fileRef = 0AAE23BE1C89740600DD8220 /* Main.storyboard */; };
		0AAE23C21C89740600DD8220 /* Assets.xcassets in Resources */ = {isa = PBXBuildFile; fileRef = 0AAE23C11C89740600DD8220 /* Assets.xcassets */; };
		0AAE23C51C89740600DD8220 /* LaunchScreen.storyboard in Resources */ = {isa = PBXBuildFile; fileRef = 0AAE23C31C89740600DD8220 /* LaunchScreen.storyboard */; };
		0AAE23D01C89740600DD8220 /* SportsProjectTests.swift in Sources */ = {isa = PBXBuildFile; fileRef = 0AAE23CF1C89740600DD8220 /* SportsProjectTests.swift */; };
		0AAE23DB1C89740600DD8220 /* SportsProjectUITests.swift in Sources */ = {isa = PBXBuildFile; fileRef = 0AAE23DA1C89740600DD8220 /* SportsProjectUITests.swift */; };
/* End PBXBuildFile section */

/* Begin PBXContainerItemProxy section */
		0AAE23CC1C89740600DD8220 /* PBXContainerItemProxy */ = {
			isa = PBXContainerItemProxy;
			containerPortal = 0AAE23AF1C89740600DD8220 /* Project object */;
			proxyType = 1;
			remoteGlobalIDString = 0AAE23B61C89740600DD8220;
			remoteInfo = SportsProject;
		};
		0AAE23D71C89740600DD8220 /* PBXContainerItemProxy */ = {
			isa = PBXContainerItemProxy;
			containerPortal = 0AAE23AF1C89740600DD8220 /* Project object */;
			proxyType = 1;
			remoteGlobalIDString = 0AAE23B61C89740600DD8220;
			remoteInfo = SportsProject;
		};
/* End PBXContainerItemProxy section */

/* Begin PBXFileReference section */
		0AAE23B71C89740600DD8220 /* SportsProject.app */ = {isa = PBXFileReference; explicitFileType = wrapper.application; includeInIndex = 0; path = SportsProject.app; sourceTree = BUILT_PRODUCTS_DIR; };
		0AAE23BA1C89740600DD8220 /* AppDelegate.swift */ = {isa = PBXFileReference; lastKnownFileType = sourcecode.swift; path = AppDelegate.swift; sourceTree = "<group>"; };
		0AAE23BC1C89740600DD8220 /* ViewController.swift */ = {isa = PBXFileReference; lastKnownFileType = sourcecode.swift; path = ViewController.swift; sourceTree = "<group>"; };
		0AAE23BF1C89740600DD8220 /* Base */ = {isa = PBXFileReference; lastKnownFileType = file.storyboard; name = Base; path = Base.lproj/Main.storyboard; sourceTree = "<group>"; };
		0AAE23C11C89740600DD8220 /* Assets.xcassets */ = {isa = PBXFileReference; lastKnownFileType = folder.assetcatalog; path = Assets.xcassets; sourceTree = "<group>"; };
		0AAE23C41C89740600DD8220 /* Base */ = {isa = PBXFileReference; lastKnownFileType = file.storyboard; name = Base; path = Base.lproj/LaunchScreen.storyboard; sourceTree = "<group>"; };
		0AAE23C61C89740600DD8220 /* Info.plist */ = {isa = PBXFileReference; lastKnownFileType = text.plist.xml; path = Info.plist; sourceTree = "<group>"; };
		0AAE23CB1C89740600DD8220 /* SportsProjectTests.xctest */ = {isa = PBXFileReference; explicitFileType = wrapper.cfbundle; includeInIndex = 0; path = SportsProjectTests.xctest; sourceTree = BUILT_PRODUCTS_DIR; };
		0AAE23CF1C89740600DD8220 /* SportsProjectTests.swift */ = {isa = PBXFileReference; lastKnownFileType = sourcecode.swift; path = SportsProjectTests.swift; sourceTree = "<group>"; };
		0AAE23D11C89740600DD8220 /* Info.plist */ = {isa = PBXFileReference; lastKnownFileType = text.plist.xml; path = Info.plist; sourceTree = "<group>"; };
		0AAE23D61C89740600DD8220 /* SportsProjectUITests.xctest */ = {isa = PBXFileReference; explicitFileType = wrapper.cfbundle; includeInIndex = 0; path = SportsProjectUITests.xctest; sourceTree = BUILT_PRODUCTS_DIR; };
		0AAE23DA1C89740600DD8220 /* SportsProjectUITests.swift */ = {isa = PBXFileReference; lastKnownFileType = sourcecode.swift; path = SportsProjectUITests.swift; sourceTree = "<group>"; };
		0AAE23DC1C89740600DD8220 /* Info.plist */ = {isa = PBXFileReference; lastKnownFileType = text.plist.xml; path = Info.plist; sourceTree = "<group>"; };
/* End PBXFileReference section */

/* Begin PBXFrameworksBuildPhase section */
		0AAE23B41C89740600DD8220 /* Frameworks */ = {
			isa = PBXFrameworksBuildPhase;
			buildActionMask = 2147483647;
			files = (
			);
			runOnlyForDeploymentPostprocessing = 0;
		};
		0AAE23C81C89740600DD8220 /* Frameworks */ = {
			isa = PBXFrameworksBuildPhase;
			buildActionMask = 2147483647;
			files = (
			);
			runOnlyForDeploymentPostprocessing = 0;
		};
		0AAE23D31C89740600DD8220 /* Frameworks */ = {
			isa = PBXFrameworksBuildPhase;
			buildActionMask = 2147483647;
			files = (
			);
			runOnlyForDeploymentPostprocessing = 0;
		};
/* End PBXFrameworksBuildPhase section */

/* Begin PBXGroup section */
		0AAE23AE1C89740600DD8220 = {
			isa = PBXGroup;
			children = (
				0AAE23B91C89740600DD8220 /* SportsProject */,
				0AAE23CE1C89740600DD8220 /* SportsProjectTests */,
				0AAE23D91C89740600DD8220 /* SportsProjectUITests */,
				0AAE23B81C89740600DD8220 /* Products */,
			);
			sourceTree = "<group>";
		};
		0AAE23B81C89740600DD8220 /* Products */ = {
			isa = PBXGroup;
			children = (
				0AAE23B71C89740600DD8220 /* SportsProject.app */,
				0AAE23CB1C89740600DD8220 /* SportsProjectTests.xctest */,
				0AAE23D61C89740600DD8220 /* SportsProjectUITests.xctest */,
			);
			name = Products;
			sourceTree = "<group>";
		};
		0AAE23B91C89740600DD8220 /* SportsProject */ = {
			isa = PBXGroup;
			children = (
				0AAE23BA1C89740600DD8220 /* AppDelegate.swift */,
				0AAE23BC1C89740600DD8220 /* ViewController.swift */,
				0AAE23BE1C89740600DD8220 /* Main.storyboard */,
				0AAE23C11C89740600DD8220 /* Assets.xcassets */,
				0AAE23C31C89740600DD8220 /* LaunchScreen.storyboard */,
				0AAE23C61C89740600DD8220 /* Info.plist */,
			);
			path = SportsProject;
			sourceTree = "<group>";
		};
		0AAE23CE1C89740600DD8220 /* SportsProjectTests */ = {
			isa = PBXGroup;
			children = (
				0AAE23CF1C89740600DD8220 /* SportsProjectTests.swift */,
				0AAE23D11C89740600DD8220 /* Info.plist */,
			);
			path = SportsProjectTests;
			sourceTree = "<group>";
		};
		0AAE23D91C89740600DD8220 /* SportsProjectUITests */ = {
			isa = PBXGroup;
			children = (
				0AAE23DA1C89740600DD8220 /* SportsProjectUITests.swift */,
				0AAE23DC1C89740600DD8220 /* Info.plist */,
			);
			path = SportsProjectUITests;
			sourceTree = "<group>";
		};
/* End PBXGroup section */

/* Begin PBXNativeTarget section */
		0AAE23B61C89740600DD8220 /* SportsProject */ = {
			isa = PBXNativeTarget;
			buildConfigurationList = 0AAE23DF1C89740600DD8220 /* Build configuration list for PBXNativeTarget "SportsProject" */;
			buildPhases = (
				0AAE23B31C89740600DD8220 /* Sources */,
				0AAE23B41C89740600DD8220 /* Frameworks */,
				0AAE23B51C89740600DD8220 /* Resources */,
			);
			buildRules = (
			);
			dependencies = (
			);
			name = SportsProject;
			productName = SportsProject;
			productReference = 0AAE23B71C89740600DD8220 /* SportsProject.app */;
			productType = "com.apple.product-type.application";
		};
		0AAE23CA1C89740600DD8220 /* SportsProjectTests */ = {
			isa = PBXNativeTarget;
			buildConfigurationList = 0AAE23E21C89740600DD8220 /* Build configuration list for PBXNativeTarget "SportsProjectTests" */;
			buildPhases = (
				0AAE23C71C89740600DD8220 /* Sources */,
				0AAE23C81C89740600DD8220 /* Frameworks */,
				0AAE23C91C89740600DD8220 /* Resources */,
			);
			buildRules = (
			);
			dependencies = (
				0AAE23CD1C89740600DD8220 /* PBXTargetDependency */,
			);
			name = SportsProjectTests;
			productName = SportsProjectTests;
			productReference = 0AAE23CB1C89740600DD8220 /* SportsProjectTests.xctest */;
			productType = "com.apple.product-type.bundle.unit-test";
		};
		0AAE23D51C89740600DD8220 /* SportsProjectUITests */ = {
			isa = PBXNativeTarget;
			buildConfigurationList = 0AAE23E51C89740600DD8220 /* Build configuration list for PBXNativeTarget "SportsProjectUITests" */;
			buildPhases = (
				0AAE23D21C89740600DD8220 /* Sources */,
				0AAE23D31C89740600DD8220 /* Frameworks */,
				0AAE23D41C89740600DD8220 /* Resources */,
			);
			buildRules = (
			);
			dependencies = (
				0AAE23D81C89740600DD8220 /* PBXTargetDependency */,
			);
			name = SportsProjectUITests;
			productName = SportsProjectUITests;
			productReference = 0AAE23D61C89740600DD8220 /* SportsProjectUITests.xctest */;
			productType = "com.apple.product-type.bundle.ui-testing";
		};
/* End PBXNativeTarget section */

/* Begin PBXProject section */
		0AAE23AF1C89740600DD8220 /* Project object */ = {
			isa = PBXProject;
			attributes = {
				LastSwiftUpdateCheck = 0720;
				LastUpgradeCheck = 0720;
				ORGANIZATIONNAME = "Mudit Mittal";
				TargetAttributes = {
					0AAE23B61C89740600DD8220 = {
						CreatedOnToolsVersion = 7.2.1;
						DevelopmentTeam = A3LLN6N3LJ;
					};
					0AAE23CA1C89740600DD8220 = {
						CreatedOnToolsVersion = 7.2.1;
						DevelopmentTeam = A3LLN6N3LJ;
						TestTargetID = 0AAE23B61C89740600DD8220;
					};
					0AAE23D51C89740600DD8220 = {
						CreatedOnToolsVersion = 7.2.1;
						DevelopmentTeam = A3LLN6N3LJ;
						TestTargetID = 0AAE23B61C89740600DD8220;
					};
				};
			};
			buildConfigurationList = 0AAE23B21C89740600DD8220 /* Build configuration list for PBXProject "SportsProject" */;
			compatibilityVersion = "Xcode 3.2";
			developmentRegion = English;
			hasScannedForEncodings = 0;
			knownRegions = (
				en,
				Base,
			);
			mainGroup = 0AAE23AE1C89740600DD8220;
			productRefGroup = 0AAE23B81C89740600DD8220 /* Products */;
			projectDirPath = "";
			projectRoot = "";
			targets = (
				0AAE23B61C89740600DD8220 /* SportsProject */,
				0AAE23CA1C89740600DD8220 /* SportsProjectTests */,
				0AAE23D51C89740600DD8220 /* SportsProjectUITests */,
			);
		};
/* End PBXProject section */

/* Begin PBXResourcesBuildPhase section */
		0AAE23B51C89740600DD8220 /* Resources */ = {
			isa = PBXResourcesBuildPhase;
			buildActionMask = 2147483647;
			files = (
				0AAE23C51C89740600DD8220 /* LaunchScreen.storyboard in Resources */,
				0AAE23C21C89740600DD8220 /* Assets.xcassets in Resources */,
				0AAE23C01C89740600DD8220 /* Main.storyboard in Resources */,
			);
			runOnlyForDeploymentPostprocessing = 0;
		};
		0AAE23C91C89740600DD8220 /* Resources */ = {
			isa = PBXResourcesBuildPhase;
			buildActionMask = 2147483647;
			files = (
			);
			runOnlyForDeploymentPostprocessing = 0;
		};
		0AAE23D41C89740600DD8220 /* Resources */ = {
			isa = PBXResourcesBuildPhase;
			buildActionMask = 2147483647;
			files = (
			);
			runOnlyForDeploymentPostprocessing = 0;
		};
/* End PBXResourcesBuildPhase section */

/* Begin PBXSourcesBuildPhase section */
		0AAE23B31C89740600DD8220 /* Sources */ = {
			isa = PBXSourcesBuildPhase;
			buildActionMask = 2147483647;
			files = (
				0AAE23BD1C89740600DD8220 /* ViewController.swift in Sources */,
				0AAE23BB1C89740600DD8220 /* AppDelegate.swift in Sources */,
			);
			runOnlyForDeploymentPostprocessing = 0;
		};
		0AAE23C71C89740600DD8220 /* Sources */ = {
			isa = PBXSourcesBuildPhase;
			buildActionMask = 2147483647;
			files = (
				0AAE23D01C89740600DD8220 /* SportsProjectTests.swift in Sources */,
			);
			runOnlyForDeploymentPostprocessing = 0;
		};
		0AAE23D21C89740600DD8220 /* Sources */ = {
			isa = PBXSourcesBuildPhase;
			buildActionMask = 2147483647;
			files = (
				0AAE23DB1C89740600DD8220 /* SportsProjectUITests.swift in Sources */,
			);
			runOnlyForDeploymentPostprocessing = 0;
		};
/* End PBXSourcesBuildPhase section */

/* Begin PBXTargetDependency section */
		0AAE23CD1C89740600DD8220 /* PBXTargetDependency */ = {
			isa = PBXTargetDependency;
			target = 0AAE23B61C89740600DD8220 /* SportsProject */;
			targetProxy = 0AAE23CC1C89740600DD8220 /* PBXContainerItemProxy */;
		};
		0AAE23D81C89740600DD8220 /* PBXTargetDependency */ = {
			isa = PBXTargetDependency;
			target = 0AAE23B61C89740600DD8220 /* SportsProject */;
			targetProxy = 0AAE23D71C89740600DD8220 /* PBXContainerItemProxy */;
		};
/* End PBXTargetDependency section */

/* Begin PBXVariantGroup section */
		0AAE23BE1C89740600DD8220 /* Main.storyboard */ = {
			isa = PBXVariantGroup;
			children = (
				0AAE23BF1C89740600DD8220 /* Base */,
			);
			name = Main.storyboard;
			sourceTree = "<group>";
		};
		0AAE23C31C89740600DD8220 /* LaunchScreen.storyboard */ = {
			isa = PBXVariantGroup;
			children = (
				0AAE23C41C89740600DD8220 /* Base */,
			);
			name = LaunchScreen.storyboard;
			sourceTree = "<group>";
		};
/* End PBXVariantGroup section */

/* Begin XCBuildConfiguration section */
		0AAE23DD1C89740600DD8220 /* Debug */ = {
			isa = XCBuildConfiguration;
			buildSettings = {
				ALWAYS_SEARCH_USER_PATHS = NO;
				CLANG_CXX_LANGUAGE_STANDARD = "gnu++0x";
				CLANG_CXX_LIBRARY = "libc++";
				CLANG_ENABLE_MODULES = YES;
				CLANG_ENABLE_OBJC_ARC = YES;
				CLANG_WARN_BOOL_CONVERSION = YES;
				CLANG_WARN_CONSTANT_CONVERSION = YES;
				CLANG_WARN_DIRECT_OBJC_ISA_USAGE = YES_ERROR;
				CLANG_WARN_EMPTY_BODY = YES;
				CLANG_WARN_ENUM_CONVERSION = YES;
				CLANG_WARN_INT_CONVERSION = YES;
				CLANG_WARN_OBJC_ROOT_CLASS = YES_ERROR;
				CLANG_WARN_UNREACHABLE_CODE = YES;
				CLANG_WARN__DUPLICATE_METHOD_MATCH = YES;
				"CODE_SIGN_IDENTITY[sdk=iphoneos*]" = "iPhone Developer";
				COPY_PHASE_STRIP = NO;
				DEBUG_INFORMATION_FORMAT = dwarf;
				ENABLE_STRICT_OBJC_MSGSEND = YES;
				ENABLE_TESTABILITY = YES;
				GCC_C_LANGUAGE_STANDARD = gnu99;
				GCC_DYNAMIC_NO_PIC = NO;
				GCC_NO_COMMON_BLOCKS = YES;
				GCC_OPTIMIZATION_LEVEL = 0;
				GCC_PREPROCESSOR_DEFINITIONS = (
					"DEBUG=1",
					"$(inherited)",
				);
				GCC_WARN_64_TO_32_BIT_CONVERSION = YES;
				GCC_WARN_ABOUT_RETURN_TYPE = YES_ERROR;
				GCC_WARN_UNDECLARED_SELECTOR = YES;
				GCC_WARN_UNINITIALIZED_AUTOS = YES_AGGRESSIVE;
				GCC_WARN_UNUSED_FUNCTION = YES;
				GCC_WARN_UNUSED_VARIABLE = YES;
				IPHONEOS_DEPLOYMENT_TARGET = 9.2;
				MTL_ENABLE_DEBUG_INFO = YES;
				ONLY_ACTIVE_ARCH = YES;
				SDKROOT = iphoneos;
				SWIFT_OPTIMIZATION_LEVEL = "-Onone";
			};
			name = Debug;
		};
		0AAE23DE1C89740600DD8220 /* Release */ = {
			isa = XCBuildConfiguration;
			buildSettings = {
				ALWAYS_SEARCH_USER_PATHS = NO;
				CLANG_CXX_LANGUAGE_STANDARD = "gnu++0x";
				CLANG_CXX_LIBRARY = "libc++";
				CLANG_ENABLE_MODULES = YES;
				CLANG_ENABLE_OBJC_ARC = YES;
				CLANG_WARN_BOOL_CONVERSION = YES;
				CLANG_WARN_CONSTANT_CONVERSION = YES;
				CLANG_WARN_DIRECT_OBJC_ISA_USAGE = YES_ERROR;
				CLANG_WARN_EMPTY_BODY = YES;
				CLANG_WARN_ENUM_CONVERSION = YES;
				CLANG_WARN_INT_CONVERSION = YES;
				CLANG_WARN_OBJC_ROOT_CLASS = YES_ERROR;
				CLANG_WARN_UNREACHABLE_CODE = YES;
				CLANG_WARN__DUPLICATE_METHOD_MATCH = YES;
				"CODE_SIGN_IDENTITY[sdk=iphoneos*]" = "iPhone Developer";
				COPY_PHASE_STRIP = NO;
				DEBUG_INFORMATION_FORMAT = "dwarf-with-dsym";
				ENABLE_NS_ASSERTIONS = NO;
				ENABLE_STRICT_OBJC_MSGSEND = YES;
				GCC_C_LANGUAGE_STANDARD = gnu99;
				GCC_NO_COMMON_BLOCKS = YES;
				GCC_WARN_64_TO_32_BIT_CONVERSION = YES;
				GCC_WARN_ABOUT_RETURN_TYPE = YES_ERROR;
				GCC_WARN_UNDECLARED_SELECTOR = YES;
				GCC_WARN_UNINITIALIZED_AUTOS = YES_AGGRESSIVE;
				GCC_WARN_UNUSED_FUNCTION = YES;
				GCC_WARN_UNUSED_VARIABLE = YES;
				IPHONEOS_DEPLOYMENT_TARGET = 9.2;
				MTL_ENABLE_DEBUG_INFO = NO;
				SDKROOT = iphoneos;
				VALIDATE_PRODUCT = YES;
			};
			name = Release;
		};
		0AAE23E01C89740600DD8220 /* Debug */ = {
			isa = XCBuildConfiguration;
			buildSettings = {
				ASSETCATALOG_COMPILER_APPICON_NAME = AppIcon;
				INFOPLIST_FILE = SportsProject/Info.plist;
				LD_RUNPATH_SEARCH_PATHS = "$(inherited) @executable_path/Frameworks";
				PRODUCT_BUNDLE_IDENTIFIER = com.mmittal.SportsProject;
				PRODUCT_NAME = "$(TARGET_NAME)";
			};
			name = Debug;
		};
		0AAE23E11C89740600DD8220 /* Release */ = {
			isa = XCBuildConfiguration;
			buildSettings = {
				ASSETCATALOG_COMPILER_APPICON_NAME = AppIcon;
				INFOPLIST_FILE = SportsProject/Info.plist;
				LD_RUNPATH_SEARCH_PATHS = "$(inherited) @executable_path/Frameworks";
				PRODUCT_BUNDLE_IDENTIFIER = com.mmittal.SportsProject;
				PRODUCT_NAME = "$(TARGET_NAME)";
			};
			name = Release;
		};
		0AAE23E31C89740600DD8220 /* Debug */ = {
			isa = XCBuildConfiguration;
			buildSettings = {
				BUNDLE_LOADER = "$(TEST_HOST)";
				INFOPLIST_FILE = SportsProjectTests/Info.plist;
				LD_RUNPATH_SEARCH_PATHS = "$(inherited) @executable_path/Frameworks @loader_path/Frameworks";
				PRODUCT_BUNDLE_IDENTIFIER = com.mmittal.SportsProjectTests;
				PRODUCT_NAME = "$(TARGET_NAME)";
				TEST_HOST = "$(BUILT_PRODUCTS_DIR)/SportsProject.app/SportsProject";
			};
			name = Debug;
		};
		0AAE23E41C89740600DD8220 /* Release */ = {
			isa = XCBuildConfiguration;
			buildSettings = {
				BUNDLE_LOADER = "$(TEST_HOST)";
				INFOPLIST_FILE = SportsProjectTests/Info.plist;
				LD_RUNPATH_SEARCH_PATHS = "$(inherited) @executable_path/Frameworks @loader_path/Frameworks";
				PRODUCT_BUNDLE_IDENTIFIER = com.mmittal.SportsProjectTests;
				PRODUCT_NAME = "$(TARGET_NAME)";
				TEST_HOST = "$(BUILT_PRODUCTS_DIR)/SportsProject.app/SportsProject";
			};
			name = Release;
		};
		0AAE23E61C89740600DD8220 /* Debug */ = {
			isa = XCBuildConfiguration;
			buildSettings = {
				INFOPLIST_FILE = SportsProjectUITests/Info.plist;
				LD_RUNPATH_SEARCH_PATHS = "$(inherited) @executable_path/Frameworks @loader_path/Frameworks";
				PRODUCT_BUNDLE_IDENTIFIER = com.mmittal.SportsProjectUITests;
				PRODUCT_NAME = "$(TARGET_NAME)";
				TEST_TARGET_NAME = SportsProject;
				USES_XCTRUNNER = YES;
			};
			name = Debug;
		};
		0AAE23E71C89740600DD8220 /* Release */ = {
			isa = XCBuildConfiguration;
			buildSettings = {
				INFOPLIST_FILE = SportsProjectUITests/Info.plist;
				LD_RUNPATH_SEARCH_PATHS = "$(inherited) @executable_path/Frameworks @loader_path/Frameworks";
				PRODUCT_BUNDLE_IDENTIFIER = com.mmittal.SportsProjectUITests;
				PRODUCT_NAME = "$(TARGET_NAME)";
				TEST_TARGET_NAME = SportsProject;
				USES_XCTRUNNER = YES;
			};
			name = Release;
		};
/* End XCBuildConfiguration section */

/* Begin XCConfigurationList section */
		0AAE23B21C89740600DD8220 /* Build configuration list for PBXProject "SportsProject" */ = {
			isa = XCConfigurationList;
			buildConfigurations = (
				0AAE23DD1C89740600DD8220 /* Debug */,
				0AAE23DE1C89740600DD8220 /* Release */,
			);
			defaultConfigurationIsVisible = 0;
			defaultConfigurationName = Release;
		};
		0AAE23DF1C89740600DD8220 /* Build configuration list for PBXNativeTarget "SportsProject" */ = {
			isa = XCConfigurationList;
			buildConfigurations = (
				0AAE23E01C89740600DD8220 /* Debug */,
				0AAE23E11C89740600DD8220 /* Release */,
			);
			defaultConfigurationIsVisible = 0;
		};
		0AAE23E21C89740600DD8220 /* Build configuration list for PBXNativeTarget "SportsProjectTests" */ = {
			isa = XCConfigurationList;
			buildConfigurations = (
				0AAE23E31C89740600DD8220 /* Debug */,
				0AAE23E41C89740600DD8220 /* Release */,
			);
			defaultConfigurationIsVisible = 0;
		};
		0AAE23E51C89740600DD8220 /* Build configuration list for PBXNativeTarget "SportsProjectUITests" */ = {
			isa = XCConfigurationList;
			buildConfigurations = (
				0AAE23E61C89740600DD8220 /* Debug */,
				0AAE23E71C89740600DD8220 /* Release */,
			);
			defaultConfigurationIsVisible = 0;
		};
/* End XCConfigurationList section */
	};
	rootObject = 0AAE23AF1C89740600DD8220 /* Project object */;
}
